
Microsoft Visual Studio Solution File, Format Version 12.00
# Visual Studio Version 17
VisualStudioVersion = 17.5.002.0
MinimumVisualStudioVersion = 10.0.40219.1
Project("{9A19103F-16F7-4668-BE54-9A1E7A4F7556}") = "NameThatTune", "NameThatTune.csproj", "{C555C37F-FDCE-48C6-8D2C-DF5903686684}"
EndProject
Global
	GlobalSection(SolutionConfigurationPlatforms) = preSolution
		Debug|Any CPU = Debug|Any CPU
		Release|Any CPU = Release|Any CPU
	EndGlobalSection
	GlobalSection(ProjectConfigurationPlatforms) = postSolution
		{C555C37F-FDCE-48C6-8D2C-DF5903686684}.Debug|Any CPU.ActiveCfg = Debug|Any CPU
		{C555C37F-FDCE-48C6-8D2C-DF5903686684}.Debug|Any CPU.Build.0 = Debug|Any CPU
		{C555C37F-FDCE-48C6-8D2C-DF5903686684}.Release|Any CPU.ActiveCfg = Release|Any CPU
		{C555C37F-FDCE-48C6-8D2C-DF5903686684}.Release|Any CPU.Build.0 = Release|Any CPU
	EndGlobalSection
	GlobalSection(SolutionProperties) = preSolution
		HideSolutionNode = FALSE
	EndGlobalSection
	GlobalSection(ExtensibilityGlobals) = postSolution
		SolutionGuid = {5B269CA7-B5CE-4C4C-9D7A-D41909414727}
	EndGlobalSection
EndGlobal
